// !$*UTF8*$!
{
	archiveVersion = 1;
	classes = {
	};
	objectVersion = 50;
	objects = {

/* Begin PBXBuildFile section */
		436128A321BC86720091E45E /* AppDelegate.swift in Sources */ = {isa = PBXBuildFile; fileRef = 436128A221BC86720091E45E /* AppDelegate.swift */; };
		436128A521BC86720091E45E /* WelcomeViewController.swift in Sources */ = {isa = PBXBuildFile; fileRef = 436128A421BC86720091E45E /* WelcomeViewController.swift */; };
		436128A821BC86720091E45E /* Main.storyboard in Resources */ = {isa = PBXBuildFile; fileRef = 436128A621BC86720091E45E /* Main.storyboard */; };
		436128AA21BC86740091E45E /* Assets.xcassets in Resources */ = {isa = PBXBuildFile; fileRef = 436128A921BC86740091E45E /* Assets.xcassets */; };
		436128AD21BC86740091E45E /* LaunchScreen.storyboard in Resources */ = {isa = PBXBuildFile; fileRef = 436128AB21BC86740091E45E /* LaunchScreen.storyboard */; };
		436128BA21BC910D0091E45E /* SignupViewController.swift in Sources */ = {isa = PBXBuildFile; fileRef = 436128B921BC910D0091E45E /* SignupViewController.swift */; };
		436128BC21BC912F0091E45E /* MapViewController.swift in Sources */ = {isa = PBXBuildFile; fileRef = 436128BB21BC912F0091E45E /* MapViewController.swift */; };
/* End PBXBuildFile section */

/* Begin PBXFileReference section */
		4361289F21BC86720091E45E /* Coffeeholic.app */ = {isa = PBXFileReference; explicitFileType = wrapper.application; includeInIndex = 0; path = Coffeeholic.app; sourceTree = BUILT_PRODUCTS_DIR; };
		436128A221BC86720091E45E /* AppDelegate.swift */ = {isa = PBXFileReference; lastKnownFileType = sourcecode.swift; path = AppDelegate.swift; sourceTree = "<group>"; };
		436128A421BC86720091E45E /* WelcomeViewController.swift */ = {isa = PBXFileReference; lastKnownFileType = sourcecode.swift; path = WelcomeViewController.swift; sourceTree = "<group>"; };
		436128A721BC86720091E45E /* Base */ = {isa = PBXFileReference; lastKnownFileType = file.storyboard; name = Base; path = Base.lproj/Main.storyboard; sourceTree = "<group>"; };
		436128A921BC86740091E45E /* Assets.xcassets */ = {isa = PBXFileReference; lastKnownFileType = folder.assetcatalog; path = Assets.xcassets; sourceTree = "<group>"; };
		436128AC21BC86740091E45E /* Base */ = {isa = PBXFileReference; lastKnownFileType = file.storyboard; name = Base; path = Base.lproj/LaunchScreen.storyboard; sourceTree = "<group>"; };
		436128AE21BC86740091E45E /* Info.plist */ = {isa = PBXFileReference; lastKnownFileType = text.plist.xml; path = Info.plist; sourceTree = "<group>"; };
		436128B921BC910D0091E45E /* SignupViewController.swift */ = {isa = PBXFileReference; lastKnownFileType = sourcecode.swift; path = SignupViewController.swift; sourceTree = "<group>"; };
		436128BB21BC912F0091E45E /* MapViewController.swift */ = {isa = PBXFileReference; lastKnownFileType = sourcecode.swift; path = MapViewController.swift; sourceTree = "<group>"; };
/* End PBXFileReference section */

/* Begin PBXFrameworksBuildPhase section */
		4361289C21BC86720091E45E /* Frameworks */ = {
			isa = PBXFrameworksBuildPhase;
			buildActionMask = 2147483647;
			files = (
			);
			runOnlyForDeploymentPostprocessing = 0;
		};
/* End PBXFrameworksBuildPhase section */

/* Begin PBXGroup section */
		4361289621BC86720091E45E = {
			isa = PBXGroup;
			children = (
				436128A121BC86720091E45E /* Coffeeholic */,
				436128A021BC86720091E45E /* Products */,
			);
			sourceTree = "<group>";
		};
		436128A021BC86720091E45E /* Products */ = {
			isa = PBXGroup;
			children = (
				4361289F21BC86720091E45E /* Coffeeholic.app */,
			);
			name = Products;
			sourceTree = "<group>";
		};
		436128A121BC86720091E45E /* Coffeeholic */ = {
			isa = PBXGroup;
			children = (
				436128B521BC86930091E45E /* Models */,
				436128B621BC869A0091E45E /* Views */,
				436128B421BC86880091E45E /* Controllers */,
				436128A221BC86720091E45E /* AppDelegate.swift */,
				436128A621BC86720091E45E /* Main.storyboard */,
				436128A921BC86740091E45E /* Assets.xcassets */,
				436128AB21BC86740091E45E /* LaunchScreen.storyboard */,
				436128AE21BC86740091E45E /* Info.plist */,
			);
			path = Coffeeholic;
			sourceTree = "<group>";
		};
		436128B421BC86880091E45E /* Controllers */ = {
			isa = PBXGroup;
			children = (
				436128A421BC86720091E45E /* WelcomeViewController.swift */,
				436128B921BC910D0091E45E /* SignupViewController.swift */,
				436128BB21BC912F0091E45E /* MapViewController.swift */,
			);
			path = Controllers;
			sourceTree = "<group>";
		};
		436128B521BC86930091E45E /* Models */ = {
			isa = PBXGroup;
			children = (
			);
			path = Models;
			sourceTree = "<group>";
		};
		436128B621BC869A0091E45E /* Views */ = {
			isa = PBXGroup;
			children = (
			);
			path = Views;
			sourceTree = "<group>";
		};
/* End PBXGroup section */

/* Begin PBXNativeTarget section */
		4361289E21BC86720091E45E /* Coffeeholic */ = {
			isa = PBXNativeTarget;
			buildConfigurationList = 436128B121BC86740091E45E /* Build configuration list for PBXNativeTarget "Coffeeholic" */;
			buildPhases = (
				4361289B21BC86720091E45E /* Sources */,
				4361289C21BC86720091E45E /* Frameworks */,
				4361289D21BC86720091E45E /* Resources */,
			);
			buildRules = (
			);
			dependencies = (
			);
			name = Coffeeholic;
			productName = Coffeeholic;
			productReference = 4361289F21BC86720091E45E /* Coffeeholic.app */;
			productType = "com.apple.product-type.application";
		};
/* End PBXNativeTarget section */

/* Begin PBXProject section */
		4361289721BC86720091E45E /* Project object */ = {
			isa = PBXProject;
			attributes = {
				LastSwiftUpdateCheck = 1010;
				LastUpgradeCheck = 1010;
				ORGANIZATIONNAME = "Daniel Stahl";
				TargetAttributes = {
					4361289E21BC86720091E45E = {
						CreatedOnToolsVersion = 10.1;
					};
				};
			};
			buildConfigurationList = 4361289A21BC86720091E45E /* Build configuration list for PBXProject "Coffeeholic" */;
			compatibilityVersion = "Xcode 9.3";
			developmentRegion = en;
			hasScannedForEncodings = 0;
			knownRegions = (
				en,
				Base,
			);
			mainGroup = 4361289621BC86720091E45E;
			productRefGroup = 436128A021BC86720091E45E /* Products */;
			projectDirPath = "";
			projectRoot = "";
			targets = (
				4361289E21BC86720091E45E /* Coffeeholic */,
			);
		};
/* End PBXProject section */

/* Begin PBXResourcesBuildPhase section */
		4361289D21BC86720091E45E /* Resources */ = {
			isa = PBXResourcesBuildPhase;
			buildActionMask = 2147483647;
			files = (
				436128AD21BC86740091E45E /* LaunchScreen.storyboard in Resources */,
				436128AA21BC86740091E45E /* Assets.xcassets in Resources */,
				436128A821BC86720091E45E /* Main.storyboard in Resources */,
			);
			runOnlyForDeploymentPostprocessing = 0;
		};
/* End PBXResourcesBuildPhase section */

/* Begin PBXSourcesBuildPhase section */
		4361289B21BC86720091E45E /* Sources */ = {
			isa = PBXSourcesBuildPhase;
			buildActionMask = 2147483647;
			files = (
				436128A521BC86720091E45E /* WelcomeViewController.swift in Sources */,
				436128BA21BC910D0091E45E /* SignupViewController.swift in Sources */,
				436128BC21BC912F0091E45E /* MapViewController.swift in Sources */,
				436128A321BC86720091E45E /* AppDelegate.swift in Sources */,
			);
			runOnlyForDeploymentPostprocessing = 0;
		};
/* End PBXSourcesBuildPhase section */

/* Begin PBXVariantGroup section */
		436128A621BC86720091E45E /* Main.storyboard */ = {
			isa = PBXVariantGroup;
			children = (
				436128A721BC86720091E45E /* Base */,
			);
			name = Main.storyboard;
			sourceTree = "<group>";
		};
		436128AB21BC86740091E45E /* LaunchScreen.storyboard */ = {
			isa = PBXVariantGroup;
			children = (
				436128AC21BC86740091E45E /* Base */,
			);
			name = LaunchScreen.storyboard;
			sourceTree = "<group>";
		};
/* End PBXVariantGroup section */

/* Begin XCBuildConfiguration section */
		436128AF21BC86740091E45E /* Debug */ = {
			isa = XCBuildConfiguration;
			buildSettings = {
				ALWAYS_SEARCH_USER_PATHS = NO;
				CLANG_ANALYZER_NONNULL = YES;
				CLANG_ANALYZER_NUMBER_OBJECT_CONVERSION = YES_AGGRESSIVE;
				CLANG_CXX_LANGUAGE_STANDARD = "gnu++14";
				CLANG_CXX_LIBRARY = "libc++";
				CLANG_ENABLE_MODULES = YES;
				CLANG_ENABLE_OBJC_ARC = YES;
				CLANG_ENABLE_OBJC_WEAK = YES;
				CLANG_WARN_BLOCK_CAPTURE_AUTORELEASING = YES;
				CLANG_WARN_BOOL_CONVERSION = YES;
				CLANG_WARN_COMMA = YES;
				CLANG_WARN_CONSTANT_CONVERSION = YES;
				CLANG_WARN_DEPRECATED_OBJC_IMPLEMENTATIONS = YES;
				CLANG_WARN_DIRECT_OBJC_ISA_USAGE = YES_ERROR;
				CLANG_WARN_DOCUMENTATION_COMMENTS = YES;
				CLANG_WARN_EMPTY_BODY = YES;
				CLANG_WARN_ENUM_CONVERSION = YES;
				CLANG_WARN_INFINITE_RECURSION = YES;
				CLANG_WARN_INT_CONVERSION = YES;
				CLANG_WARN_NON_LITERAL_NULL_CONVERSION = YES;
				CLANG_WARN_OBJC_IMPLICIT_RETAIN_SELF = YES;
				CLANG_WARN_OBJC_LITERAL_CONVERSION = YES;
				CLANG_WARN_OBJC_ROOT_CLASS = YES_ERROR;
				CLANG_WARN_RANGE_LOOP_ANALYSIS = YES;
				CLANG_WARN_STRICT_PROTOTYPES = YES;
				CLANG_WARN_SUSPICIOUS_MOVE = YES;
				CLANG_WARN_UNGUARDED_AVAILABILITY = YES_AGGRESSIVE;
				CLANG_WARN_UNREACHABLE_CODE = YES;
				CLANG_WARN__DUPLICATE_METHOD_MATCH = YES;
				CODE_SIGN_IDENTITY = "iPhone Developer";
				COPY_PHASE_STRIP = NO;
				DEBUG_INFORMATION_FORMAT = dwarf;
				ENABLE_STRICT_OBJC_MSGSEND = YES;
				ENABLE_TESTABILITY = YES;
				GCC_C_LANGUAGE_STANDARD = gnu11;
				GCC_DYNAMIC_NO_PIC = NO;
				GCC_NO_COMMON_BLOCKS = YES;
				GCC_OPTIMIZATION_LEVEL = 0;
				GCC_PREPROCESSOR_DEFINITIONS = (
					"DEBUG=1",
					"$(inherited)",
				);
				GCC_WARN_64_TO_32_BIT_CONVERSION = YES;
				GCC_WARN_ABOUT_RETURN_TYPE = YES_ERROR;
				GCC_WARN_UNDECLARED_SELECTOR = YES;
				GCC_WARN_UNINITIALIZED_AUTOS = YES_AGGRESSIVE;
				GCC_WARN_UNUSED_FUNCTION = YES;
				GCC_WARN_UNUSED_VARIABLE = YES;
				IPHONEOS_DEPLOYMENT_TARGET = 12.1;
				MTL_ENABLE_DEBUG_INFO = INCLUDE_SOURCE;
				MTL_FAST_MATH = YES;
				ONLY_ACTIVE_ARCH = YES;
				SDKROOT = iphoneos;
				SWIFT_ACTIVE_COMPILATION_CONDITIONS = DEBUG;
				SWIFT_OPTIMIZATION_LEVEL = "-Onone";
			};
			name = Debug;
		};
		436128B021BC86740091E45E /* Release */ = {
			isa = XCBuildConfiguration;
			buildSettings = {
				ALWAYS_SEARCH_USER_PATHS = NO;
				CLANG_ANALYZER_NONNULL = YES;
				CLANG_ANALYZER_NUMBER_OBJECT_CONVERSION = YES_AGGRESSIVE;
				CLANG_CXX_LANGUAGE_STANDARD = "gnu++14";
				CLANG_CXX_LIBRARY = "libc++";
				CLANG_ENABLE_MODULES = YES;
				CLANG_ENABLE_OBJC_ARC = YES;
				CLANG_ENABLE_OBJC_WEAK = YES;
				CLANG_WARN_BLOCK_CAPTURE_AUTORELEASING = YES;
				CLANG_WARN_BOOL_CONVERSION = YES;
				CLANG_WARN_COMMA = YES;
				CLANG_WARN_CONSTANT_CONVERSION = YES;
				CLANG_WARN_DEPRECATED_OBJC_IMPLEMENTATIONS = YES;
				CLANG_WARN_DIRECT_OBJC_ISA_USAGE = YES_ERROR;
				CLANG_WARN_DOCUMENTATION_COMMENTS = YES;
				CLANG_WARN_EMPTY_BODY = YES;
				CLANG_WARN_ENUM_CONVERSION = YES;
				CLANG_WARN_INFINITE_RECURSION = YES;
				CLANG_WARN_INT_CONVERSION = YES;
				CLANG_WARN_NON_LITERAL_NULL_CONVERSION = YES;
				CLANG_WARN_OBJC_IMPLICIT_RETAIN_SELF = YES;
				CLANG_WARN_OBJC_LITERAL_CONVERSION = YES;
				CLANG_WARN_OBJC_ROOT_CLASS = YES_ERROR;
				CLANG_WARN_RANGE_LOOP_ANALYSIS = YES;
				CLANG_WARN_STRICT_PROTOTYPES = YES;
				CLANG_WARN_SUSPICIOUS_MOVE = YES;
				CLANG_WARN_UNGUARDED_AVAILABILITY = YES_AGGRESSIVE;
				CLANG_WARN_UNREACHABLE_CODE = YES;
				CLANG_WARN__DUPLICATE_METHOD_MATCH = YES;
				CODE_SIGN_IDENTITY = "iPhone Developer";
				COPY_PHASE_STRIP = NO;
				DEBUG_INFORMATION_FORMAT = "dwarf-with-dsym";
				ENABLE_NS_ASSERTIONS = NO;
				ENABLE_STRICT_OBJC_MSGSEND = YES;
				GCC_C_LANGUAGE_STANDARD = gnu11;
				GCC_NO_COMMON_BLOCKS = YES;
				GCC_WARN_64_TO_32_BIT_CONVERSION = YES;
				GCC_WARN_ABOUT_RETURN_TYPE = YES_ERROR;
				GCC_WARN_UNDECLARED_SELECTOR = YES;
				GCC_WARN_UNINITIALIZED_AUTOS = YES_AGGRESSIVE;
				GCC_WARN_UNUSED_FUNCTION = YES;
				GCC_WARN_UNUSED_VARIABLE = YES;
				IPHONEOS_DEPLOYMENT_TARGET = 12.1;
				MTL_ENABLE_DEBUG_INFO = NO;
				MTL_FAST_MATH = YES;
				SDKROOT = iphoneos;
				SWIFT_COMPILATION_MODE = wholemodule;
				SWIFT_OPTIMIZATION_LEVEL = "-O";
				VALIDATE_PRODUCT = YES;
			};
			name = Release;
		};
		436128B221BC86740091E45E /* Debug */ = {
			isa = XCBuildConfiguration;
			buildSettings = {
				ASSETCATALOG_COMPILER_APPICON_NAME = AppIcon;
				CODE_SIGN_STYLE = Automatic;
				DEVELOPMENT_TEAM = 7973D875N9;
				INFOPLIST_FILE = Coffeeholic/Info.plist;
				LD_RUNPATH_SEARCH_PATHS = (
					"$(inherited)",
					"@executable_path/Frameworks",
				);
				PRODUCT_BUNDLE_IDENTIFIER = xyz.danielstahl.Coffeeholic;
				PRODUCT_NAME = "$(TARGET_NAME)";
				SWIFT_VERSION = 4.2;
				TARGETED_DEVICE_FAMILY = "1,2";
			};
			name = Debug;
		};
		436128B321BC86740091E45E /* Release */ = {
			isa = XCBuildConfiguration;
			buildSettings = {
				ASSETCATALOG_COMPILER_APPICON_NAME = AppIcon;
				CODE_SIGN_STYLE = Automatic;
				DEVELOPMENT_TEAM = 7973D875N9;
				INFOPLIST_FILE = Coffeeholic/Info.plist;
				LD_RUNPATH_SEARCH_PATHS = (
					"$(inherited)",
					"@executable_path/Frameworks",
				);
				PRODUCT_BUNDLE_IDENTIFIER = xyz.danielstahl.Coffeeholic;
				PRODUCT_NAME = "$(TARGET_NAME)";
				SWIFT_VERSION = 4.2;
				TARGETED_DEVICE_FAMILY = "1,2";
			};
			name = Release;
		};
/* End XCBuildConfiguration section */

/* Begin XCConfigurationList section */
		4361289A21BC86720091E45E /* Build configuration list for PBXProject "Coffeeholic" */ = {
			isa = XCConfigurationList;
			buildConfigurations = (
				436128AF21BC86740091E45E /* Debug */,
				436128B021BC86740091E45E /* Release */,
			);
			defaultConfigurationIsVisible = 0;
			defaultConfigurationName = Release;
		};
		436128B121BC86740091E45E /* Build configuration list for PBXNativeTarget "Coffeeholic" */ = {
			isa = XCConfigurationList;
			buildConfigurations = (
				436128B221BC86740091E45E /* Debug */,
				436128B321BC86740091E45E /* Release */,
			);
			defaultConfigurationIsVisible = 0;
			defaultConfigurationName = Release;
		};
/* End XCConfigurationList section */
	};
	rootObject = 4361289721BC86720091E45E /* Project object */;
}
